
Microsoft Visual Studio Solution File, Format Version 12.00
# Visual Studio Version 17
VisualStudioVersion = 17.10.35013.160
MinimumVisualStudioVersion = 10.0.40219.1
Project("{FAE04EC0-301F-11D3-BF4B-00C04F79EFBC}") = "DesafioPitang.WebApi", "Desafio Pitang\DesafioPitang.WebApi.csproj", "{D80F83A8-52DF-4264-B1BA-85E9394C96CF}"
EndProject
Global
	GlobalSection(SolutionConfigurationPlatforms) = preSolution
		Debug|Any CPU = Debug|Any CPU
		Release|Any CPU = Release|Any CPU
	EndGlobalSection
	GlobalSection(ProjectConfigurationPlatforms) = postSolution
		{D80F83A8-52DF-4264-B1BA-85E9394C96CF}.Debug|Any CPU.ActiveCfg = Debug|Any CPU
		{D80F83A8-52DF-4264-B1BA-85E9394C96CF}.Debug|Any CPU.Build.0 = Debug|Any CPU
		{D80F83A8-52DF-4264-B1BA-85E9394C96CF}.Release|Any CPU.ActiveCfg = Release|Any CPU
		{D80F83A8-52DF-4264-B1BA-85E9394C96CF}.Release|Any CPU.Build.0 = Release|Any CPU
	EndGlobalSection
	GlobalSection(SolutionProperties) = preSolution
		HideSolutionNode = FALSE
	EndGlobalSection
	GlobalSection(ExtensibilityGlobals) = postSolution
		SolutionGuid = {140F6243-6A0A-456E-8D6C-A4167155966D}
	EndGlobalSection
EndGlobal
